{
  "name": "dobo-memory",
  "version": "1.0.0",
  "lockfileVersion": 3,
  "requires": true,
  "packages": {
    "": {
      "name": "dobo-memory",
      "version": "1.0.0",
      "license": "MIT",
      "dependencies": {
        "mingo": "^6.4.15"
      }
    },
    "node_modules/mingo": {
      "version": "6.4.15",
      "resolved": "https://registry.npmjs.org/mingo/-/mingo-6.4.15.tgz",
      "integrity": "sha512-fKUCGr7fUxrb7YBK6whm5O5VouXfKAVtxnb+6g3Xuwsj9Jt9u8hhMOgiUoKO4kp3DmuiN0qgpYX2H/nP3zD1Hw=="
    }
  }
}
